{
    "_meta": {
        "hash": {
            "sha256": "e4aaba9e6e4fed7f433034ba06000d330e9a692898d8c3f4878c6cf102ebf190"
        },
        "pipfile-spec": 6,
        "requires": {
            "python_version": "3.7"
        },
        "sources": [
            {
                "name": "pypi",
                "url": "https://pypi.org/simple",
                "verify_ssl": true
            }
        ]
    },
    "default": {
        "amqp": {
            "hashes": [
                "sha256:19a917e260178b8d410122712bac69cb3e6db010d68f6101e7307508aded5e68",
                "sha256:19d851b879a471fcfdcf01df9936cff924f422baa77653289f7095dedd5fb26a"
            ],
            "version": "==2.5.1"
        },
        "billiard": {
            "hashes": [
                "sha256:01afcb4e7c4fd6480940cfbd4d9edc19d7a7509d6ada533984d0d0f49901ec82",
                "sha256:b8809c74f648dfe69b973c8e660bcec00603758c9db8ba89d7719f88d5f01f26"
            ],
            "version": "==3.6.1.0"
        },
        "celery": {
            "hashes": [
                "sha256:4c4532aa683f170f40bd76f928b70bc06ff171a959e06e71bf35f2f9d6031ef9",
                "sha256:528e56767ae7e43a16cfef24ee1062491f5754368d38fcfffa861cdb9ef219be"
            ],
            "index": "pypi",
            "version": "==4.3.0"
        },
        "django": {
            "hashes": [
                "sha256:148a4a2d1a85b23883b0a4e99ab7718f518a83675e4485e44dc0c1d36988c5fa",
                "sha256:deb70aa038e59b58593673b15e9a711d1e5ccd941b5973b30750d5d026abfd56"
            ],
            "index": "pypi",
            "version": "==2.2.5"
        },
        "importlib-metadata": {
            "hashes": [
                "sha256:9ff1b1c5a354142de080b8a4e9803e5d0d59283c93aed808617c787d16768375",
                "sha256:b7143592e374e50584564794fcb8aaf00a23025f9db866627f89a21491847a8d"
            ],
            "version": "==0.20"
        },
        "kombu": {
            "hashes": [
                "sha256:55274dc75eb3c3994538b0973a0fadddb236b698a4bc135b8aa4981e0a710b8f",
                "sha256:e5f0312dfb9011bebbf528ccaf118a6c2b5c3b8244451f08381fb23e7715809b"
            ],
            "version": "==4.6.4"
        },
        "more-itertools": {
            "hashes": [
                "sha256:409cd48d4db7052af495b09dec721011634af3753ae1ef92d2b32f73a745f832",
                "sha256:92b8c4b06dac4f0611c0729b2f2ede52b2e1bac1ab48f089c7ddc12e26bb60c4"
            ],
            "version": "==7.2.0"
        },
        "pytz": {
            "hashes": [
                "sha256:26c0b32e437e54a18161324a2fca3c4b9846b74a8dccddd843113109e1116b32",
                "sha256:c894d57500a4cd2d5c71114aaab77dbab5eabd9022308ce5ac9bb93a60a6f0c7"
            ],
            "version": "==2019.2"
        },
        "redis": {
            "hashes": [
                "sha256:98a22fb750c9b9bb46e75e945dc3f61d0ab30d06117cbb21ff9cd1d315fedd3b",
                "sha256:c504251769031b0dd7dd5cf786050a6050197c6de0d37778c80c08cb04ae8275"
            ],
            "index": "pypi",
            "version": "==3.3.8"
        },
        "sqlparse": {
            "hashes": [
                "sha256:40afe6b8d4b1117e7dff5504d7a8ce07d9a1b15aeeade8a2d10f130a834f8177",
                "sha256:7c3dca29c022744e95b547e867cee89f4fce4373f3549ccd8797d8eb52cdb873"
            ],
            "version": "==0.3.0"
        },
        "vine": {
            "hashes": [
                "sha256:133ee6d7a9016f177ddeaf191c1f58421a1dcc6ee9a42c58b34bed40e1d2cd87",
                "sha256:ea4947cc56d1fd6f2095c8d543ee25dad966f78692528e68b4fada11ba3f98af"
            ],
            "version": "==1.3.0"
        },
        "zipp": {
            "hashes": [
                "sha256:3718b1cbcd963c7d4c5511a8240812904164b7f381b647143a89d3b98f9bcd8e",
                "sha256:f06903e9f1f43b12d371004b4ac7b06ab39a44adc747266928ae6debfa7b3335"
            ],
            "version": "==0.6.0"
        }
    },
    "develop": {}
}
