version = 1
revision = 2
requires-python = ">=3.13"

[[package]]
name = "asgiref"
version = "3.11.0"
source = { registry = "https://pypi.org/simple" }
sdist = { url = "https://files.pythonhosted.org/packages/76/b9/4db2509eabd14b4a8c71d1b24c8d5734c52b8560a7b1e1a8b56c8d25568b/asgiref-3.11.0.tar.gz", hash = "sha256:13acff32519542a1736223fb79a715acdebe24286d98e8b164a73085f40da2c4", size = 37969, upload_time = "2025-11-19T15:32:20.106Z" }
wheels = [
    { url = "https://files.pythonhosted.org/packages/91/be/317c2c55b8bbec407257d45f5c8d1b6867abc76d12043f2d3d58c538a4ea/asgiref-3.11.0-py3-none-any.whl", hash = "sha256:1db9021efadb0d9512ce8ffaf72fcef601c7b73a8807a1bb2ef143dc6b14846d", size = 24096, upload_time = "2025-11-19T15:32:19.004Z" },
]

[[package]]
name = "django"
version = "5.2.8"
source = { registry = "https://pypi.org/simple" }
dependencies = [
    { name = "asgiref" },
    { name = "sqlparse" },
    { name = "tzdata", marker = "sys_platform == 'win32'" },
]
sdist = { url = "https://files.pythonhosted.org/packages/05/a2/933dbbb3dd9990494960f6e64aca2af4c0745b63b7113f59a822df92329e/django-5.2.8.tar.gz", hash = "sha256:23254866a5bb9a2cfa6004e8b809ec6246eba4b58a7589bc2772f1bcc8456c7f", size = 10849032, upload_time = "2025-11-05T14:07:32.778Z" }
wheels = [
    { url = "https://files.pythonhosted.org/packages/5e/3d/a035a4ee9b1d4d4beee2ae6e8e12fe6dee5514b21f62504e22efcbd9fb46/django-5.2.8-py3-none-any.whl", hash = "sha256:37e687f7bd73ddf043e2b6b97cfe02fcbb11f2dbb3adccc6a2b18c6daa054d7f", size = 8289692, upload_time = "2025-11-05T14:07:28.761Z" },
]

[[package]]
name = "django-silk"
version = "5.4.3"
source = { registry = "https://pypi.org/simple" }
dependencies = [
    { name = "django" },
    { name = "gprof2dot" },
    { name = "sqlparse" },
]
sdist = { url = "https://files.pythonhosted.org/packages/c5/13/ef9344e4ed6ab6ed0f15d7743e9509545e95f3336ac9bbef4b39aefbabeb/django_silk-5.4.3.tar.gz", hash = "sha256:bedb17c8fd9c029a7746cb947864f5c9ea943ae33d6a9581e60f67c45e4490ad", size = 4495552, upload_time = "2025-09-09T07:13:30.229Z" }
wheels = [
    { url = "https://files.pythonhosted.org/packages/ec/97/bc1f1d0f922144a3807ad15531b93ba474c7538d6f006e98bf8ab77a2f82/django_silk-5.4.3-py3-none-any.whl", hash = "sha256:f7920ae91a34716654296140b2cbf449e9798237a0c6eb7cf2cd79c2cfb39321", size = 1944434, upload_time = "2025-09-09T07:13:50.846Z" },
]

[[package]]
name = "django-silk-example"
version = "0.1.0"
source = { virtual = "." }
dependencies = [
    { name = "django" },
    { name = "django-silk" },
]

[package.metadata]
requires-dist = [
    { name = "django", specifier = ">=5.2.8" },
    { name = "django-silk", specifier = ">=5.4.3" },
]

[[package]]
name = "gprof2dot"
version = "2025.4.14"
source = { registry = "https://pypi.org/simple" }
sdist = { url = "https://files.pythonhosted.org/packages/bb/fd/cad13fa1f7a463a607176432c4affa33ea162f02f58cc36de1d40d3e6b48/gprof2dot-2025.4.14.tar.gz", hash = "sha256:35743e2d2ca027bf48fa7cba37021aaf4a27beeae1ae8e05a50b55f1f921a6ce", size = 39536, upload_time = "2025-04-14T07:21:45.76Z" }
wheels = [
    { url = "https://files.pythonhosted.org/packages/71/ed/89d760cb25279109b89eb52975a7b5479700d3114a2421ce735bfb2e7513/gprof2dot-2025.4.14-py3-none-any.whl", hash = "sha256:0742e4c0b4409a5e8777e739388a11e1ed3750be86895655312ea7c20bd0090e", size = 37555, upload_time = "2025-04-14T07:21:43.319Z" },
]

[[package]]
name = "sqlparse"
version = "0.5.3"
source = { registry = "https://pypi.org/simple" }
sdist = { url = "https://files.pythonhosted.org/packages/e5/40/edede8dd6977b0d3da179a342c198ed100dd2aba4be081861ee5911e4da4/sqlparse-0.5.3.tar.gz", hash = "sha256:09f67787f56a0b16ecdbde1bfc7f5d9c3371ca683cfeaa8e6ff60b4807ec9272", size = 84999, upload_time = "2024-12-10T12:05:30.728Z" }
wheels = [
    { url = "https://files.pythonhosted.org/packages/a9/5c/bfd6bd0bf979426d405cc6e71eceb8701b148b16c21d2dc3c261efc61c7b/sqlparse-0.5.3-py3-none-any.whl", hash = "sha256:cf2196ed3418f3ba5de6af7e82c694a9fbdbfecccdfc72e281548517081f16ca", size = 44415, upload_time = "2024-12-10T12:05:27.824Z" },
]

[[package]]
name = "tzdata"
version = "2025.2"
source = { registry = "https://pypi.org/simple" }
sdist = { url = "https://files.pythonhosted.org/packages/95/32/1a225d6164441be760d75c2c42e2780dc0873fe382da3e98a2e1e48361e5/tzdata-2025.2.tar.gz", hash = "sha256:b60a638fcc0daffadf82fe0f57e53d06bdec2f36c4df66280ae79bce6bd6f2b9", size = 196380, upload_time = "2025-03-23T13:54:43.652Z" }
wheels = [
    { url = "https://files.pythonhosted.org/packages/5c/23/c7abc0ca0a1526a0774eca151daeb8de62ec457e77262b66b359c3c7679e/tzdata-2025.2-py2.py3-none-any.whl", hash = "sha256:1a403fada01ff9221ca8044d701868fa132215d84beb92242d9acd2147f667a8", size = 347839, upload_time = "2025-03-23T13:54:41.845Z" },
]
