{
    "_meta": {
        "hash": {
            "sha256": "a57013e3f3c59b23fe5282d12e7b4a839c028e14729c18c19969d962e9f5e95c"
        },
        "pipfile-spec": 6,
        "requires": {
            "python_version": "3.7"
        },
        "sources": [
            {
                "name": "pypi",
                "url": "https://pypi.org/simple",
                "verify_ssl": true
            }
        ]
    },
    "default": {
        "click": {
            "hashes": [
                "sha256:2335065e6395b9e67ca716de5f7526736bfa6ceead690adf616d925bdc622b13",
                "sha256:5b94b49521f6456670fdb30cd82a4eca9412788a93fa6dd6df72c94d5a8ff2d7"
            ],
            "version": "==7.0"
        },
        "flask": {
            "hashes": [
                "sha256:ad7c6d841e64296b962296c2c2dabc6543752985727af86a975072dea984b6f3",
                "sha256:e7d32475d1de5facaa55e3958bc4ec66d3762076b074296aa50ef8fdc5b9df61"
            ],
            "index": "pypi",
            "version": "==1.0.3"
        },
        "flask-pymongo": {
            "hashes": [
                "sha256:620eb02dc8808a5fcb90f26cab6cba9d6bf497b15032ae3ca99df80366e33314",
                "sha256:8a9577a2c6d00b49f21cb5a5a8d72561730364a2d745551a85349ab02f86fc73"
            ],
            "index": "pypi",
            "version": "==2.3.0"
        },
        "itsdangerous": {
            "hashes": [
                "sha256:321b033d07f2a4136d3ec762eac9f16a10ccd60f53c0c91af90217ace7ba1f19",
                "sha256:b12271b2047cb23eeb98c8b5622e2e5c5e9abd9784a153e9d8ef9cb4dd09d749"
            ],
            "version": "==1.1.0"
        },
        "jinja2": {
            "hashes": [
                "sha256:065c4f02ebe7f7cf559e49ee5a95fb800a9e4528727aec6f24402a5374c65013",
                "sha256:14dd6caf1527abb21f08f86c784eac40853ba93edb79552aa1e4b8aef1b61c7b"
            ],
            "version": "==2.10.1"
        },
        "markupsafe": {
            "hashes": [
                "sha256:00bc623926325b26bb9605ae9eae8a215691f33cae5df11ca5424f06f2d1f473",
                "sha256:09027a7803a62ca78792ad89403b1b7a73a01c8cb65909cd876f7fcebd79b161",
                "sha256:09c4b7f37d6c648cb13f9230d847adf22f8171b1ccc4d5682398e77f40309235",
                "sha256:1027c282dad077d0bae18be6794e6b6b8c91d58ed8a8d89a89d59693b9131db5",
                "sha256:24982cc2533820871eba85ba648cd53d8623687ff11cbb805be4ff7b4c971aff",
                "sha256:29872e92839765e546828bb7754a68c418d927cd064fd4708fab9fe9c8bb116b",
                "sha256:43a55c2930bbc139570ac2452adf3d70cdbb3cfe5912c71cdce1c2c6bbd9c5d1",
                "sha256:46c99d2de99945ec5cb54f23c8cd5689f6d7177305ebff350a58ce5f8de1669e",
                "sha256:500d4957e52ddc3351cabf489e79c91c17f6e0899158447047588650b5e69183",
                "sha256:535f6fc4d397c1563d08b88e485c3496cf5784e927af890fb3c3aac7f933ec66",
                "sha256:62fe6c95e3ec8a7fad637b7f3d372c15ec1caa01ab47926cfdf7a75b40e0eac1",
                "sha256:6dd73240d2af64df90aa7c4e7481e23825ea70af4b4922f8ede5b9e35f78a3b1",
                "sha256:717ba8fe3ae9cc0006d7c451f0bb265ee07739daf76355d06366154ee68d221e",
                "sha256:79855e1c5b8da654cf486b830bd42c06e8780cea587384cf6545b7d9ac013a0b",
                "sha256:7c1699dfe0cf8ff607dbdcc1e9b9af1755371f92a68f706051cc8c37d447c905",
                "sha256:88e5fcfb52ee7b911e8bb6d6aa2fd21fbecc674eadd44118a9cc3863f938e735",
                "sha256:8defac2f2ccd6805ebf65f5eeb132adcf2ab57aa11fdf4c0dd5169a004710e7d",
                "sha256:98c7086708b163d425c67c7a91bad6e466bb99d797aa64f965e9d25c12111a5e",
                "sha256:9add70b36c5666a2ed02b43b335fe19002ee5235efd4b8a89bfcf9005bebac0d",
                "sha256:9bf40443012702a1d2070043cb6291650a0841ece432556f784f004937f0f32c",
                "sha256:ade5e387d2ad0d7ebf59146cc00c8044acbd863725f887353a10df825fc8ae21",
                "sha256:b00c1de48212e4cc9603895652c5c410df699856a2853135b3967591e4beebc2",
                "sha256:b1282f8c00509d99fef04d8ba936b156d419be841854fe901d8ae224c59f0be5",
                "sha256:b2051432115498d3562c084a49bba65d97cf251f5a331c64a12ee7e04dacc51b",
                "sha256:ba59edeaa2fc6114428f1637ffff42da1e311e29382d81b339c1817d37ec93c6",
                "sha256:c8716a48d94b06bb3b2524c2b77e055fb313aeb4ea620c8dd03a105574ba704f",
                "sha256:cd5df75523866410809ca100dc9681e301e3c27567cf498077e8551b6d20e42f",
                "sha256:e249096428b3ae81b08327a63a485ad0878de3fb939049038579ac0ef61e17e7"
            ],
            "version": "==1.1.1"
        },
        "pymongo": {
            "hashes": [
                "sha256:32421df60d06f479d71b6b539642e410ece3006e8910688e68df962c8eb40a21",
                "sha256:324b22a8443e11faca44c96b20e7ec8a9e59a1e664457edeeb4f796080b31cde",
                "sha256:4505ff8b7923dd7a8bed1bf25c9c4d0df5ab0b8b2821f2296533f2149a55f401",
                "sha256:460b224681ea711e48e3638d15be2249024031b7dcb9622ba19c2e85bd5a26cc",
                "sha256:47473b70c5f3cd5ddd2c49ab3b9ceafdafbbed5bc963f147df22a9343d7978f5",
                "sha256:49375839af76834e9c5c3cc78c78386873fd0b2ad9a0860a7dc4ec9fe73af9dd",
                "sha256:4a65f0f71ece86c860d30a1436b646db8ea32aec518845ef2903ca569faec32e",
                "sha256:530621906c5dd6d27305b39c4e017701e5f4299aa68b93cde70eb985f94ca26f",
                "sha256:54f4770b5810e8dc3cbeed675874195f02bb2bc4e95a9d665068edfb3baff4f7",
                "sha256:5ed9382410e938b0ff76041c34018210504729a83bcf4f6a70c7092c28169f6f",
                "sha256:61cad83637ae12c1c825130d7f9325cd6c162e3a64e8747a8144866020be3ff4",
                "sha256:61e8e1c58b4fdf47ab79b7c7db8bb022c1e40b3b5fcbbaeea5fc94dc5c75638d",
                "sha256:6e04e496af7d156b66cce70460011c621ecbadf5dcdce325c7acbb3cd6ea245d",
                "sha256:7ef89ec435e89da902451dde6845066fe2770befaf0301fe2a1ac426b51fced3",
                "sha256:854e8425e5eb775ccfffad04ecd094c99923d60a2c2d49babb5c435e836a91fa",
                "sha256:9569796d48498e4db4e1d56284b626a8ed15f641ce3a8b2085f06bb03f4c2c88",
                "sha256:9d50c99c6388863cbfdc5db9bad62e3a7c2e5fc151554a07c7f3c2530334a34f",
                "sha256:9ea016c2c011df21f77c1f806ce45129a344ba2d414bd50f9e065b13a4a134be",
                "sha256:a8421f0823174888fb12a5fa675322e756499d71e77ff712b4412d4b8f3c6503",
                "sha256:aef7d88384ada699976350a285c7a333f96ebc959e98e7d2c98589f47bbf3b7f",
                "sha256:b4d7ff9957ee770cf03bd7156a68a2f2e838e60712d9608eadc8741c15d01e72",
                "sha256:c1db85c39e6a60588f855dbc7bd68fb0dab796096148ab5aa4abecaff19e1c6e",
                "sha256:cee2fc0b94e66e7230da12fc4b3d34793c49957e16ee04f6468a94e264a1e41d",
                "sha256:cf1dea28379a16b23e47db312883f07b3ba8d9d6abc1c59e51d4c8ae1820ab43",
                "sha256:d1cd175df7c8b5fc976bade78bf4d9fb5aa7ab465c0f59931e380bbe188ef8fc",
                "sha256:d48a94edf3cdd34524936a72ea01b352682b337f33a42db10ba29a96c37147d3",
                "sha256:d9cc103a4e97f78bc77a1d72759ab3722f6cdf0374ad4fb4b0c53bd3238bdf98",
                "sha256:fcb9ae8aa9158106c5d98a4349ec0d90b68f052d620b2d24622ba03b91e4d81d"
            ],
            "version": "==3.8.0"
        },
        "python-dotenv": {
            "hashes": [
                "sha256:156f218846bd90e0d537915545cde4a987947c2cecc628b50f9955fdde72534a",
                "sha256:6640acd76e6cab84648e4fec16c9d19de6700971f9d91d045e7120622167bfda"
            ],
            "index": "pypi",
            "version": "==0.10.2"
        },
        "werkzeug": {
            "hashes": [
                "sha256:865856ebb55c4dcd0630cdd8f3331a1847a819dda7e8c750d3db6f2aa6c0209c",
                "sha256:a0b915f0815982fb2a09161cb8f31708052d0951c3ba433ccc5e1aa276507ca6"
            ],
            "version": "==0.15.4"
        }
    },
    "develop": {}
}
